
Microsoft Visual Studio Solution File, Format Version 12.00
# Visual Studio Version 17
VisualStudioVersion = 17.13.35919.96 d17.13
MinimumVisualStudioVersion = 10.0.40219.1
Project("{FAE04EC0-301F-11D3-BF4B-00C04F79EFBC}") = "WebApplication1", "WebApplication1\WebApplication1.csproj", "{CCC41A04-0488-4012-A646-C269307DB617}"
EndProject
Global
	GlobalSection(SolutionConfigurationPlatforms) = preSolution
		Debug|Any CPU = Debug|Any CPU
		Release|Any CPU = Release|Any CPU
	EndGlobalSection
	GlobalSection(ProjectConfigurationPlatforms) = postSolution
		{CCC41A04-0488-4012-A646-C269307DB617}.Debug|Any CPU.ActiveCfg = Debug|Any CPU
		{CCC41A04-0488-4012-A646-C269307DB617}.Debug|Any CPU.Build.0 = Debug|Any CPU
		{CCC41A04-0488-4012-A646-C269307DB617}.Release|Any CPU.ActiveCfg = Release|Any CPU
		{CCC41A04-0488-4012-A646-C269307DB617}.Release|Any CPU.Build.0 = Release|Any CPU
	EndGlobalSection
	GlobalSection(SolutionProperties) = preSolution
		HideSolutionNode = FALSE
	EndGlobalSection
	GlobalSection(ExtensibilityGlobals) = postSolution
		SolutionGuid = {502CCC85-9C71-4BF1-BD4E-C0339D78A246}
	EndGlobalSection
EndGlobal
