
Microsoft Visual Studio Solution File, Format Version 12.00
# Visual Studio Version 17
VisualStudioVersion = 17.13.35919.96 d17.13
MinimumVisualStudioVersion = 10.0.40219.1
Project("{FAE04EC0-301F-11D3-BF4B-00C04F79EFBC}") = "CodePulse.API", "CodePulse.API\CodePulse.API.csproj", "{880F36DF-7B2E-4D02-BC25-8988400B1A5A}"
EndProject
Global
	GlobalSection(SolutionConfigurationPlatforms) = preSolution
		Debug|Any CPU = Debug|Any CPU
		Release|Any CPU = Release|Any CPU
	EndGlobalSection
	GlobalSection(ProjectConfigurationPlatforms) = postSolution
		{880F36DF-7B2E-4D02-BC25-8988400B1A5A}.Debug|Any CPU.ActiveCfg = Debug|Any CPU
		{880F36DF-7B2E-4D02-BC25-8988400B1A5A}.Debug|Any CPU.Build.0 = Debug|Any CPU
		{880F36DF-7B2E-4D02-BC25-8988400B1A5A}.Release|Any CPU.ActiveCfg = Release|Any CPU
		{880F36DF-7B2E-4D02-BC25-8988400B1A5A}.Release|Any CPU.Build.0 = Release|Any CPU
	EndGlobalSection
	GlobalSection(SolutionProperties) = preSolution
		HideSolutionNode = FALSE
	EndGlobalSection
	GlobalSection(ExtensibilityGlobals) = postSolution
		SolutionGuid = {E406B7BE-379A-4186-B46A-9B92CB332719}
	EndGlobalSection
EndGlobal
